
Microsoft Visual Studio Solution File, Format Version 12.00
# Visual Studio 2013
VisualStudioVersion = 12.0.31101.0
MinimumVisualStudioVersion = 10.0.40219.1
Project("{8BC9CEB8-8B4A-11D0-8D11-00A0C91BC942}") = "GameMain", "GameMain\GameMain.vcxproj", "{3332FE1C-D9D2-4EE7-A1A3-F1B87C1CE480}"
EndProject
Global
	GlobalSection(SolutionConfigurationPlatforms) = preSolution
		Debug|Win32 = Debug|Win32
		Release|Win32 = Release|Win32
	EndGlobalSection
	GlobalSection(ProjectConfigurationPlatforms) = postSolution
		{3332FE1C-D9D2-4EE7-A1A3-F1B87C1CE480}.Debug|Win32.ActiveCfg = Debug|Win32
		{3332FE1C-D9D2-4EE7-A1A3-F1B87C1CE480}.Debug|Win32.Build.0 = Debug|Win32
		{3332FE1C-D9D2-4EE7-A1A3-F1B87C1CE480}.Release|Win32.ActiveCfg = Release|Win32
		{3332FE1C-D9D2-4EE7-A1A3-F1B87C1CE480}.Release|Win32.Build.0 = Release|Win32
	EndGlobalSection
	GlobalSection(SolutionProperties) = preSolution
		HideSolutionNode = FALSE
	EndGlobalSection
EndGlobal
